
Microsoft Visual Studio Solution File, Format Version 12.00
# Visual Studio Version 17
VisualStudioVersion = 17.3.32922.545
MinimumVisualStudioVersion = 10.0.40219.1
Project("{FAE04EC0-301F-11D3-BF4B-00C04F79EFBC}") = "Histogram", "Histogram\Histogram.csproj", "{080D88E7-7CC6-49F6-B240-8874FBF0658A}"
EndProject
Global
	GlobalSection(SolutionConfigurationPlatforms) = preSolution
		Debug|Any CPU = Debug|Any CPU
		Release|Any CPU = Release|Any CPU
	EndGlobalSection
	GlobalSection(ProjectConfigurationPlatforms) = postSolution
		{080D88E7-7CC6-49F6-B240-8874FBF0658A}.Debug|Any CPU.ActiveCfg = Debug|Any CPU
		{080D88E7-7CC6-49F6-B240-8874FBF0658A}.Debug|Any CPU.Build.0 = Debug|Any CPU
		{080D88E7-7CC6-49F6-B240-8874FBF0658A}.Release|Any CPU.ActiveCfg = Release|Any CPU
		{080D88E7-7CC6-49F6-B240-8874FBF0658A}.Release|Any CPU.Build.0 = Release|Any CPU
	EndGlobalSection
	GlobalSection(SolutionProperties) = preSolution
		HideSolutionNode = FALSE
	EndGlobalSection
	GlobalSection(ExtensibilityGlobals) = postSolution
		SolutionGuid = {A25846C3-5DAC-4425-8484-3C33C39D9524}
	EndGlobalSection
EndGlobal
