
Microsoft Visual Studio Solution File, Format Version 12.00
# Visual Studio Version 17
VisualStudioVersion = 17.3.32922.545
MinimumVisualStudioVersion = 10.0.40219.1
Project("{FAE04EC0-301F-11D3-BF4B-00C04F79EFBC}") = "Homework_1_C_Sharp", "Homework_1_C_Sharp\Homework_1_C_Sharp.csproj", "{9CE18949-F44F-40C1-872E-EAA241E0EC41}"
EndProject
Global
	GlobalSection(SolutionConfigurationPlatforms) = preSolution
		Debug|Any CPU = Debug|Any CPU
		Release|Any CPU = Release|Any CPU
	EndGlobalSection
	GlobalSection(ProjectConfigurationPlatforms) = postSolution
		{9CE18949-F44F-40C1-872E-EAA241E0EC41}.Debug|Any CPU.ActiveCfg = Debug|Any CPU
		{9CE18949-F44F-40C1-872E-EAA241E0EC41}.Debug|Any CPU.Build.0 = Debug|Any CPU
		{9CE18949-F44F-40C1-872E-EAA241E0EC41}.Release|Any CPU.ActiveCfg = Release|Any CPU
		{9CE18949-F44F-40C1-872E-EAA241E0EC41}.Release|Any CPU.Build.0 = Release|Any CPU
	EndGlobalSection
	GlobalSection(SolutionProperties) = preSolution
		HideSolutionNode = FALSE
	EndGlobalSection
	GlobalSection(ExtensibilityGlobals) = postSolution
		SolutionGuid = {FD04BA59-E450-4090-A754-D2E79491DE36}
	EndGlobalSection
EndGlobal
